{
  "name": "fsmjs",
  "version": "3.0.0",
  "lockfileVersion": 2,
  "requires": true,
  "packages": {
    "": {
      "name": "fsmjs",
      "version": "3.0.0",
      "license": "MIT",
      "dependencies": {
        "channeljs": "github:evgkch/channeljs#v1.1.0"
      },
      "devDependencies": {
        "typescript": "~4.3.5"
      }
    },
    "node_modules/channeljs": {
      "version": "1.1.0",
      "resolved": "git+ssh://git@github.com/evgkch/channeljs.git#de4cb655a919105c95927ce359f66e9eff035d98",
      "license": "MIT"
    },
    "node_modules/typescript": {
      "version": "4.3.5",
      "resolved": "https://registry.npmjs.org/typescript/-/typescript-4.3.5.tgz",
      "integrity": "sha512-DqQgihaQ9cUrskJo9kIyW/+g0Vxsk8cDtZ52a3NGh0YNTfpUSArXSohyUGnvbPazEPLu398C0UxmKSOrPumUzA==",
      "dev": true,
      "bin": {
        "tsc": "bin/tsc",
        "tsserver": "bin/tsserver"
      },
      "engines": {
        "node": ">=4.2.0"
      }
    }
  },
  "dependencies": {
    "channeljs": {
      "version": "git+ssh://git@github.com/evgkch/channeljs.git#de4cb655a919105c95927ce359f66e9eff035d98",
      "from": "channeljs@github:evgkch/channeljs#v1.1.0"
    },
    "typescript": {
      "version": "4.3.5",
      "resolved": "https://registry.npmjs.org/typescript/-/typescript-4.3.5.tgz",
      "integrity": "sha512-DqQgihaQ9cUrskJo9kIyW/+g0Vxsk8cDtZ52a3NGh0YNTfpUSArXSohyUGnvbPazEPLu398C0UxmKSOrPumUzA==",
      "dev": true
    }
  }
}
